
Microsoft Visual Studio Solution File, Format Version 12.00
# Visual Studio 15
VisualStudioVersion = 15.0.26124.0
MinimumVisualStudioVersion = 15.0.26124.0
Project("{FAE04EC0-301F-11D3-BF4B-00C04F79EFBC}") = "Techdept.FormFiller.Api", "Techdept.FormFiller.Api\Techdept.FormFiller.Api.csproj", "{F8332DC1-5433-4899-B2D7-393C0FBC66C3}"
EndProject
Project("{FAE04EC0-301F-11D3-BF4B-00C04F79EFBC}") = "Techdept.FormFiller.UnitTests", "Techdept.FormFiller.UnitTests\Techdept.FormFiller.UnitTests.csproj", "{1DFD93CD-AA8F-49F3-9C9F-269BCB57CBA0}"
EndProject
Project("{FAE04EC0-301F-11D3-BF4B-00C04F79EFBC}") = "Techdept.FormFiller.Core", "Techdept.FormFiller.Core\Techdept.FormFiller.Core.csproj", "{01A10EEC-7342-41DB-886F-BA231B4A9A77}"
EndProject
Project("{FAE04EC0-301F-11D3-BF4B-00C04F79EFBC}") = "Techdept.FormFiller.Functions", "Techdept.FormFiller.Functions\Techdept.FormFiller.Functions.csproj", "{72F27E99-7018-4D1E-8084-7DF3E1F33E6D}"
EndProject
Global
	GlobalSection(SolutionConfigurationPlatforms) = preSolution
		Debug|Any CPU = Debug|Any CPU
		Debug|x64 = Debug|x64
		Debug|x86 = Debug|x86
		Release|Any CPU = Release|Any CPU
		Release|x64 = Release|x64
		Release|x86 = Release|x86
	EndGlobalSection
	GlobalSection(SolutionProperties) = preSolution
		HideSolutionNode = FALSE
	EndGlobalSection
	GlobalSection(ProjectConfigurationPlatforms) = postSolution
		{F8332DC1-5433-4899-B2D7-393C0FBC66C3}.Debug|Any CPU.ActiveCfg = Debug|Any CPU
		{F8332DC1-5433-4899-B2D7-393C0FBC66C3}.Debug|Any CPU.Build.0 = Debug|Any CPU
		{F8332DC1-5433-4899-B2D7-393C0FBC66C3}.Debug|x64.ActiveCfg = Debug|Any CPU
		{F8332DC1-5433-4899-B2D7-393C0FBC66C3}.Debug|x64.Build.0 = Debug|Any CPU
		{F8332DC1-5433-4899-B2D7-393C0FBC66C3}.Debug|x86.ActiveCfg = Debug|Any CPU
		{F8332DC1-5433-4899-B2D7-393C0FBC66C3}.Debug|x86.Build.0 = Debug|Any CPU
		{F8332DC1-5433-4899-B2D7-393C0FBC66C3}.Release|Any CPU.ActiveCfg = Release|Any CPU
		{F8332DC1-5433-4899-B2D7-393C0FBC66C3}.Release|Any CPU.Build.0 = Release|Any CPU
		{F8332DC1-5433-4899-B2D7-393C0FBC66C3}.Release|x64.ActiveCfg = Release|Any CPU
		{F8332DC1-5433-4899-B2D7-393C0FBC66C3}.Release|x64.Build.0 = Release|Any CPU
		{F8332DC1-5433-4899-B2D7-393C0FBC66C3}.Release|x86.ActiveCfg = Release|Any CPU
		{F8332DC1-5433-4899-B2D7-393C0FBC66C3}.Release|x86.Build.0 = Release|Any CPU
		{1DFD93CD-AA8F-49F3-9C9F-269BCB57CBA0}.Debug|Any CPU.ActiveCfg = Debug|Any CPU
		{1DFD93CD-AA8F-49F3-9C9F-269BCB57CBA0}.Debug|Any CPU.Build.0 = Debug|Any CPU
		{1DFD93CD-AA8F-49F3-9C9F-269BCB57CBA0}.Debug|x64.ActiveCfg = Debug|Any CPU
		{1DFD93CD-AA8F-49F3-9C9F-269BCB57CBA0}.Debug|x64.Build.0 = Debug|Any CPU
		{1DFD93CD-AA8F-49F3-9C9F-269BCB57CBA0}.Debug|x86.ActiveCfg = Debug|Any CPU
		{1DFD93CD-AA8F-49F3-9C9F-269BCB57CBA0}.Debug|x86.Build.0 = Debug|Any CPU
		{1DFD93CD-AA8F-49F3-9C9F-269BCB57CBA0}.Release|Any CPU.ActiveCfg = Release|Any CPU
		{1DFD93CD-AA8F-49F3-9C9F-269BCB57CBA0}.Release|Any CPU.Build.0 = Release|Any CPU
		{1DFD93CD-AA8F-49F3-9C9F-269BCB57CBA0}.Release|x64.ActiveCfg = Release|Any CPU
		{1DFD93CD-AA8F-49F3-9C9F-269BCB57CBA0}.Release|x64.Build.0 = Release|Any CPU
		{1DFD93CD-AA8F-49F3-9C9F-269BCB57CBA0}.Release|x86.ActiveCfg = Release|Any CPU
		{1DFD93CD-AA8F-49F3-9C9F-269BCB57CBA0}.Release|x86.Build.0 = Release|Any CPU
		{01A10EEC-7342-41DB-886F-BA231B4A9A77}.Debug|Any CPU.ActiveCfg = Debug|Any CPU
		{01A10EEC-7342-41DB-886F-BA231B4A9A77}.Debug|Any CPU.Build.0 = Debug|Any CPU
		{01A10EEC-7342-41DB-886F-BA231B4A9A77}.Debug|x64.ActiveCfg = Debug|Any CPU
		{01A10EEC-7342-41DB-886F-BA231B4A9A77}.Debug|x64.Build.0 = Debug|Any CPU
		{01A10EEC-7342-41DB-886F-BA231B4A9A77}.Debug|x86.ActiveCfg = Debug|Any CPU
		{01A10EEC-7342-41DB-886F-BA231B4A9A77}.Debug|x86.Build.0 = Debug|Any CPU
		{01A10EEC-7342-41DB-886F-BA231B4A9A77}.Release|Any CPU.ActiveCfg = Release|Any CPU
		{01A10EEC-7342-41DB-886F-BA231B4A9A77}.Release|Any CPU.Build.0 = Release|Any CPU
		{01A10EEC-7342-41DB-886F-BA231B4A9A77}.Release|x64.ActiveCfg = Release|Any CPU
		{01A10EEC-7342-41DB-886F-BA231B4A9A77}.Release|x64.Build.0 = Release|Any CPU
		{01A10EEC-7342-41DB-886F-BA231B4A9A77}.Release|x86.ActiveCfg = Release|Any CPU
		{01A10EEC-7342-41DB-886F-BA231B4A9A77}.Release|x86.Build.0 = Release|Any CPU
		{72F27E99-7018-4D1E-8084-7DF3E1F33E6D}.Debug|Any CPU.ActiveCfg = Debug|Any CPU
		{72F27E99-7018-4D1E-8084-7DF3E1F33E6D}.Debug|Any CPU.Build.0 = Debug|Any CPU
		{72F27E99-7018-4D1E-8084-7DF3E1F33E6D}.Debug|x64.ActiveCfg = Debug|Any CPU
		{72F27E99-7018-4D1E-8084-7DF3E1F33E6D}.Debug|x64.Build.0 = Debug|Any CPU
		{72F27E99-7018-4D1E-8084-7DF3E1F33E6D}.Debug|x86.ActiveCfg = Debug|Any CPU
		{72F27E99-7018-4D1E-8084-7DF3E1F33E6D}.Debug|x86.Build.0 = Debug|Any CPU
		{72F27E99-7018-4D1E-8084-7DF3E1F33E6D}.Release|Any CPU.ActiveCfg = Release|Any CPU
		{72F27E99-7018-4D1E-8084-7DF3E1F33E6D}.Release|Any CPU.Build.0 = Release|Any CPU
		{72F27E99-7018-4D1E-8084-7DF3E1F33E6D}.Release|x64.ActiveCfg = Release|Any CPU
		{72F27E99-7018-4D1E-8084-7DF3E1F33E6D}.Release|x64.Build.0 = Release|Any CPU
		{72F27E99-7018-4D1E-8084-7DF3E1F33E6D}.Release|x86.ActiveCfg = Release|Any CPU
		{72F27E99-7018-4D1E-8084-7DF3E1F33E6D}.Release|x86.Build.0 = Release|Any CPU
	EndGlobalSection
EndGlobal
